
Microsoft Visual Studio Solution File, Format Version 12.00
# Visual Studio Version 16
VisualStudioVersion = 16.0.29318.209
MinimumVisualStudioVersion = 10.0.40219.1
Project("{FAE04EC0-301F-11D3-BF4B-00C04F79EFBC}") = "test", "test\test.csproj", "{F94C4BF3-DEF6-47D9-B01B-638E287DAA0C}"
EndProject
Global
	GlobalSection(SolutionConfigurationPlatforms) = preSolution
		Debug|Any CPU = Debug|Any CPU
		Release|Any CPU = Release|Any CPU
	EndGlobalSection
	GlobalSection(ProjectConfigurationPlatforms) = postSolution
		{F94C4BF3-DEF6-47D9-B01B-638E287DAA0C}.Debug|Any CPU.ActiveCfg = Debug|Any CPU
		{F94C4BF3-DEF6-47D9-B01B-638E287DAA0C}.Debug|Any CPU.Build.0 = Debug|Any CPU
		{F94C4BF3-DEF6-47D9-B01B-638E287DAA0C}.Release|Any CPU.ActiveCfg = Release|Any CPU
		{F94C4BF3-DEF6-47D9-B01B-638E287DAA0C}.Release|Any CPU.Build.0 = Release|Any CPU
	EndGlobalSection
	GlobalSection(SolutionProperties) = preSolution
		HideSolutionNode = FALSE
	EndGlobalSection
	GlobalSection(ExtensibilityGlobals) = postSolution
		SolutionGuid = {60997618-F7CF-4E7E-B20D-2DF3E6E8DD0D}
	EndGlobalSection
EndGlobal
